
Microsoft Visual Studio Solution File, Format Version 12.00
# Visual Studio Version 17
VisualStudioVersion = 17.5.002.0
MinimumVisualStudioVersion = 10.0.40219.1
Project("{2150E333-8FDC-42A3-9474-1A3956D46DE8}") = "prepare", "prepare", "{E4E1D4C1-C271-4DB6-BBDE-26642364EB97}"
EndProject
Project("{9A19103F-16F7-4668-BE54-9A1E7A4F7556}") = "Learning02", "prepare\Learning02\Learning02.csproj", "{C469CC7A-7183-4511-AA0A-C5D3A4EE6195}"
EndProject
Project("{9A19103F-16F7-4668-BE54-9A1E7A4F7556}") = "Learning05", "prepare\Learning05\Learning05.csproj", "{AFA561FA-2064-40C8-9C46-A9F7448BEE66}"
EndProject
Project("{9A19103F-16F7-4668-BE54-9A1E7A4F7556}") = "Learning04", "prepare\Learning04\Learning04.csproj", "{747CA331-6C44-4ED2-BF10-4BA9B41C11A4}"
EndProject
Project("{9A19103F-16F7-4668-BE54-9A1E7A4F7556}") = "Learning03", "prepare\Learning03\Learning03.csproj", "{DB649C0D-21C6-44FC-AD7C-86CAFDBD4C2E}"
EndProject
Project("{2150E333-8FDC-42A3-9474-1A3956D46DE8}") = "prove", "prove", "{D2C6230B-F58F-4085-8038-69FE3018B2A7}"
EndProject
Project("{9A19103F-16F7-4668-BE54-9A1E7A4F7556}") = "Develop03", "prove\Develop03\Develop03.csproj", "{ECA5F656-FF48-4FD0-8619-A3E04E4BAAAE}"
EndProject
Project("{9A19103F-16F7-4668-BE54-9A1E7A4F7556}") = "Develop04", "prove\Develop04\Develop04.csproj", "{0C8161F7-980A-4046-ACFC-D99556B5A62C}"
EndProject
Project("{9A19103F-16F7-4668-BE54-9A1E7A4F7556}") = "Develop05", "prove\Develop05\Develop05.csproj", "{60A597CA-6D00-46CC-90A8-2C12FADCBADF}"
EndProject
Project("{9A19103F-16F7-4668-BE54-9A1E7A4F7556}") = "Develop02", "prove\Develop02\Develop02.csproj", "{D84C4A0D-50E9-4B17-8D72-357ADB7188C2}"
EndProject
Project("{2150E333-8FDC-42A3-9474-1A3956D46DE8}") = "sandbox", "sandbox", "{D332F34D-969A-41B6-B58C-C1078397E66E}"
EndProject
Project("{9A19103F-16F7-4668-BE54-9A1E7A4F7556}") = "Sandbox", "sandbox\Sandbox\Sandbox.csproj", "{A018BA04-223F-46C7-A927-A694CFAA3815}"
EndProject
Project("{2150E333-8FDC-42A3-9474-1A3956D46DE8}") = "final", "final", "{3A597799-0DE0-40BC-BBEB-1AC7263D65C2}"
EndProject
Project("{9A19103F-16F7-4668-BE54-9A1E7A4F7556}") = "FinalProject", "final\FinalProject\FinalProject.csproj", "{A3FE98F0-9497-4D91-A161-667BA3B5AA57}"
EndProject
Project("{9A19103F-16F7-4668-BE54-9A1E7A4F7556}") = "Foundation1", "final\Foundation1\Foundation1.csproj", "{2F0C23FC-FF33-40F2-816F-FBC9CB3B6A60}"
EndProject
Project("{9A19103F-16F7-4668-BE54-9A1E7A4F7556}") = "Foundation4", "final\Foundation4\Foundation4.csproj", "{9723DDB0-BAD6-4F4B-8629-EE3CB3210F6A}"
EndProject
Project("{9A19103F-16F7-4668-BE54-9A1E7A4F7556}") = "Foundation3", "final\Foundation3\Foundation3.csproj", "{9AD2C202-C821-4C9C-A9C9-F28390902260}"
EndProject
Project("{9A19103F-16F7-4668-BE54-9A1E7A4F7556}") = "Foundation2", "final\Foundation2\Foundation2.csproj", "{E8B880CF-C205-430D-A48D-9C1D634B3E71}"
EndProject
Project("{2150E333-8FDC-42A3-9474-1A3956D46DE8}") = "csharp-prep", "csharp-prep", "{3666C258-3046-4258-96E9-679CBB6557F0}"
EndProject
Project("{9A19103F-16F7-4668-BE54-9A1E7A4F7556}") = "Prep1", "csharp-prep\Prep1\Prep1.csproj", "{6B469A8C-045D-459E-9EC0-77234FACA6BD}"
EndProject
Project("{9A19103F-16F7-4668-BE54-9A1E7A4F7556}") = "Prep5", "csharp-prep\Prep5\Prep5.csproj", "{4EEB0032-6470-4E8E-84ED-002F1412A6BD}"
EndProject
Project("{9A19103F-16F7-4668-BE54-9A1E7A4F7556}") = "Prep2", "csharp-prep\Prep2\Prep2.csproj", "{FD087AB4-7A2C-44FF-9053-592B0F54FC19}"
EndProject
Project("{9A19103F-16F7-4668-BE54-9A1E7A4F7556}") = "Prep3", "csharp-prep\Prep3\Prep3.csproj", "{C2FA309C-E502-474C-A3DF-71E06C83C84A}"
EndProject
Project("{9A19103F-16F7-4668-BE54-9A1E7A4F7556}") = "Prep4", "csharp-prep\Prep4\Prep4.csproj", "{FD33F76B-836B-4F1C-A2D5-292FCD196DF7}"
EndProject
Global
	GlobalSection(SolutionConfigurationPlatforms) = preSolution
		Debug|Any CPU = Debug|Any CPU
		Release|Any CPU = Release|Any CPU
	EndGlobalSection
	GlobalSection(ProjectConfigurationPlatforms) = postSolution
		{C469CC7A-7183-4511-AA0A-C5D3A4EE6195}.Debug|Any CPU.ActiveCfg = Debug|Any CPU
		{C469CC7A-7183-4511-AA0A-C5D3A4EE6195}.Debug|Any CPU.Build.0 = Debug|Any CPU
		{C469CC7A-7183-4511-AA0A-C5D3A4EE6195}.Release|Any CPU.ActiveCfg = Release|Any CPU
		{C469CC7A-7183-4511-AA0A-C5D3A4EE6195}.Release|Any CPU.Build.0 = Release|Any CPU
		{AFA561FA-2064-40C8-9C46-A9F7448BEE66}.Debug|Any CPU.ActiveCfg = Debug|Any CPU
		{AFA561FA-2064-40C8-9C46-A9F7448BEE66}.Debug|Any CPU.Build.0 = Debug|Any CPU
		{AFA561FA-2064-40C8-9C46-A9F7448BEE66}.Release|Any CPU.ActiveCfg = Release|Any CPU
		{AFA561FA-2064-40C8-9C46-A9F7448BEE66}.Release|Any CPU.Build.0 = Release|Any CPU
		{747CA331-6C44-4ED2-BF10-4BA9B41C11A4}.Debug|Any CPU.ActiveCfg = Debug|Any CPU
		{747CA331-6C44-4ED2-BF10-4BA9B41C11A4}.Debug|Any CPU.Build.0 = Debug|Any CPU
		{747CA331-6C44-4ED2-BF10-4BA9B41C11A4}.Release|Any CPU.ActiveCfg = Release|Any CPU
		{747CA331-6C44-4ED2-BF10-4BA9B41C11A4}.Release|Any CPU.Build.0 = Release|Any CPU
		{DB649C0D-21C6-44FC-AD7C-86CAFDBD4C2E}.Debug|Any CPU.ActiveCfg = Debug|Any CPU
		{DB649C0D-21C6-44FC-AD7C-86CAFDBD4C2E}.Debug|Any CPU.Build.0 = Debug|Any CPU
		{DB649C0D-21C6-44FC-AD7C-86CAFDBD4C2E}.Release|Any CPU.ActiveCfg = Release|Any CPU
		{DB649C0D-21C6-44FC-AD7C-86CAFDBD4C2E}.Release|Any CPU.Build.0 = Release|Any CPU
		{ECA5F656-FF48-4FD0-8619-A3E04E4BAAAE}.Debug|Any CPU.ActiveCfg = Debug|Any CPU
		{ECA5F656-FF48-4FD0-8619-A3E04E4BAAAE}.Debug|Any CPU.Build.0 = Debug|Any CPU
		{ECA5F656-FF48-4FD0-8619-A3E04E4BAAAE}.Release|Any CPU.ActiveCfg = Release|Any CPU
		{ECA5F656-FF48-4FD0-8619-A3E04E4BAAAE}.Release|Any CPU.Build.0 = Release|Any CPU
		{0C8161F7-980A-4046-ACFC-D99556B5A62C}.Debug|Any CPU.ActiveCfg = Debug|Any CPU
		{0C8161F7-980A-4046-ACFC-D99556B5A62C}.Debug|Any CPU.Build.0 = Debug|Any CPU
		{0C8161F7-980A-4046-ACFC-D99556B5A62C}.Release|Any CPU.ActiveCfg = Release|Any CPU
		{0C8161F7-980A-4046-ACFC-D99556B5A62C}.Release|Any CPU.Build.0 = Release|Any CPU
		{60A597CA-6D00-46CC-90A8-2C12FADCBADF}.Debug|Any CPU.ActiveCfg = Debug|Any CPU
		{60A597CA-6D00-46CC-90A8-2C12FADCBADF}.Debug|Any CPU.Build.0 = Debug|Any CPU
		{60A597CA-6D00-46CC-90A8-2C12FADCBADF}.Release|Any CPU.ActiveCfg = Release|Any CPU
		{60A597CA-6D00-46CC-90A8-2C12FADCBADF}.Release|Any CPU.Build.0 = Release|Any CPU
		{D84C4A0D-50E9-4B17-8D72-357ADB7188C2}.Debug|Any CPU.ActiveCfg = Debug|Any CPU
		{D84C4A0D-50E9-4B17-8D72-357ADB7188C2}.Debug|Any CPU.Build.0 = Debug|Any CPU
		{D84C4A0D-50E9-4B17-8D72-357ADB7188C2}.Release|Any CPU.ActiveCfg = Release|Any CPU
		{D84C4A0D-50E9-4B17-8D72-357ADB7188C2}.Release|Any CPU.Build.0 = Release|Any CPU
		{A018BA04-223F-46C7-A927-A694CFAA3815}.Debug|Any CPU.ActiveCfg = Debug|Any CPU
		{A018BA04-223F-46C7-A927-A694CFAA3815}.Debug|Any CPU.Build.0 = Debug|Any CPU
		{A018BA04-223F-46C7-A927-A694CFAA3815}.Release|Any CPU.ActiveCfg = Release|Any CPU
		{A018BA04-223F-46C7-A927-A694CFAA3815}.Release|Any CPU.Build.0 = Release|Any CPU
		{A3FE98F0-9497-4D91-A161-667BA3B5AA57}.Debug|Any CPU.ActiveCfg = Debug|Any CPU
		{A3FE98F0-9497-4D91-A161-667BA3B5AA57}.Debug|Any CPU.Build.0 = Debug|Any CPU
		{A3FE98F0-9497-4D91-A161-667BA3B5AA57}.Release|Any CPU.ActiveCfg = Release|Any CPU
		{A3FE98F0-9497-4D91-A161-667BA3B5AA57}.Release|Any CPU.Build.0 = Release|Any CPU
		{2F0C23FC-FF33-40F2-816F-FBC9CB3B6A60}.Debug|Any CPU.ActiveCfg = Debug|Any CPU
		{2F0C23FC-FF33-40F2-816F-FBC9CB3B6A60}.Debug|Any CPU.Build.0 = Debug|Any CPU
		{2F0C23FC-FF33-40F2-816F-FBC9CB3B6A60}.Release|Any CPU.ActiveCfg = Release|Any CPU
		{2F0C23FC-FF33-40F2-816F-FBC9CB3B6A60}.Release|Any CPU.Build.0 = Release|Any CPU
		{9723DDB0-BAD6-4F4B-8629-EE3CB3210F6A}.Debug|Any CPU.ActiveCfg = Debug|Any CPU
		{9723DDB0-BAD6-4F4B-8629-EE3CB3210F6A}.Debug|Any CPU.Build.0 = Debug|Any CPU
		{9723DDB0-BAD6-4F4B-8629-EE3CB3210F6A}.Release|Any CPU.ActiveCfg = Release|Any CPU
		{9723DDB0-BAD6-4F4B-8629-EE3CB3210F6A}.Release|Any CPU.Build.0 = Release|Any CPU
		{9AD2C202-C821-4C9C-A9C9-F28390902260}.Debug|Any CPU.ActiveCfg = Debug|Any CPU
		{9AD2C202-C821-4C9C-A9C9-F28390902260}.Debug|Any CPU.Build.0 = Debug|Any CPU
		{9AD2C202-C821-4C9C-A9C9-F28390902260}.Release|Any CPU.ActiveCfg = Release|Any CPU
		{9AD2C202-C821-4C9C-A9C9-F28390902260}.Release|Any CPU.Build.0 = Release|Any CPU
		{E8B880CF-C205-430D-A48D-9C1D634B3E71}.Debug|Any CPU.ActiveCfg = Debug|Any CPU
		{E8B880CF-C205-430D-A48D-9C1D634B3E71}.Debug|Any CPU.Build.0 = Debug|Any CPU
		{E8B880CF-C205-430D-A48D-9C1D634B3E71}.Release|Any CPU.ActiveCfg = Release|Any CPU
		{E8B880CF-C205-430D-A48D-9C1D634B3E71}.Release|Any CPU.Build.0 = Release|Any CPU
		{6B469A8C-045D-459E-9EC0-77234FACA6BD}.Debug|Any CPU.ActiveCfg = Debug|Any CPU
		{6B469A8C-045D-459E-9EC0-77234FACA6BD}.Debug|Any CPU.Build.0 = Debug|Any CPU
		{6B469A8C-045D-459E-9EC0-77234FACA6BD}.Release|Any CPU.ActiveCfg = Release|Any CPU
		{6B469A8C-045D-459E-9EC0-77234FACA6BD}.Release|Any CPU.Build.0 = Release|Any CPU
		{4EEB0032-6470-4E8E-84ED-002F1412A6BD}.Debug|Any CPU.ActiveCfg = Debug|Any CPU
		{4EEB0032-6470-4E8E-84ED-002F1412A6BD}.Debug|Any CPU.Build.0 = Debug|Any CPU
		{4EEB0032-6470-4E8E-84ED-002F1412A6BD}.Release|Any CPU.ActiveCfg = Release|Any CPU
		{4EEB0032-6470-4E8E-84ED-002F1412A6BD}.Release|Any CPU.Build.0 = Release|Any CPU
		{FD087AB4-7A2C-44FF-9053-592B0F54FC19}.Debug|Any CPU.ActiveCfg = Debug|Any CPU
		{FD087AB4-7A2C-44FF-9053-592B0F54FC19}.Debug|Any CPU.Build.0 = Debug|Any CPU
		{FD087AB4-7A2C-44FF-9053-592B0F54FC19}.Release|Any CPU.ActiveCfg = Release|Any CPU
		{FD087AB4-7A2C-44FF-9053-592B0F54FC19}.Release|Any CPU.Build.0 = Release|Any CPU
		{C2FA309C-E502-474C-A3DF-71E06C83C84A}.Debug|Any CPU.ActiveCfg = Debug|Any CPU
		{C2FA309C-E502-474C-A3DF-71E06C83C84A}.Debug|Any CPU.Build.0 = Debug|Any CPU
		{C2FA309C-E502-474C-A3DF-71E06C83C84A}.Release|Any CPU.ActiveCfg = Release|Any CPU
		{C2FA309C-E502-474C-A3DF-71E06C83C84A}.Release|Any CPU.Build.0 = Release|Any CPU
		{FD33F76B-836B-4F1C-A2D5-292FCD196DF7}.Debug|Any CPU.ActiveCfg = Debug|Any CPU
		{FD33F76B-836B-4F1C-A2D5-292FCD196DF7}.Debug|Any CPU.Build.0 = Debug|Any CPU
		{FD33F76B-836B-4F1C-A2D5-292FCD196DF7}.Release|Any CPU.ActiveCfg = Release|Any CPU
		{FD33F76B-836B-4F1C-A2D5-292FCD196DF7}.Release|Any CPU.Build.0 = Release|Any CPU
	EndGlobalSection
	GlobalSection(SolutionProperties) = preSolution
		HideSolutionNode = FALSE
	EndGlobalSection
	GlobalSection(NestedProjects) = preSolution
		{C469CC7A-7183-4511-AA0A-C5D3A4EE6195} = {E4E1D4C1-C271-4DB6-BBDE-26642364EB97}
		{AFA561FA-2064-40C8-9C46-A9F7448BEE66} = {E4E1D4C1-C271-4DB6-BBDE-26642364EB97}
		{747CA331-6C44-4ED2-BF10-4BA9B41C11A4} = {E4E1D4C1-C271-4DB6-BBDE-26642364EB97}
		{DB649C0D-21C6-44FC-AD7C-86CAFDBD4C2E} = {E4E1D4C1-C271-4DB6-BBDE-26642364EB97}
		{ECA5F656-FF48-4FD0-8619-A3E04E4BAAAE} = {D2C6230B-F58F-4085-8038-69FE3018B2A7}
		{0C8161F7-980A-4046-ACFC-D99556B5A62C} = {D2C6230B-F58F-4085-8038-69FE3018B2A7}
		{60A597CA-6D00-46CC-90A8-2C12FADCBADF} = {D2C6230B-F58F-4085-8038-69FE3018B2A7}
		{D84C4A0D-50E9-4B17-8D72-357ADB7188C2} = {D2C6230B-F58F-4085-8038-69FE3018B2A7}
		{A018BA04-223F-46C7-A927-A694CFAA3815} = {D332F34D-969A-41B6-B58C-C1078397E66E}
		{A3FE98F0-9497-4D91-A161-667BA3B5AA57} = {3A597799-0DE0-40BC-BBEB-1AC7263D65C2}
		{2F0C23FC-FF33-40F2-816F-FBC9CB3B6A60} = {3A597799-0DE0-40BC-BBEB-1AC7263D65C2}
		{9723DDB0-BAD6-4F4B-8629-EE3CB3210F6A} = {3A597799-0DE0-40BC-BBEB-1AC7263D65C2}
		{9AD2C202-C821-4C9C-A9C9-F28390902260} = {3A597799-0DE0-40BC-BBEB-1AC7263D65C2}
		{E8B880CF-C205-430D-A48D-9C1D634B3E71} = {3A597799-0DE0-40BC-BBEB-1AC7263D65C2}
		{6B469A8C-045D-459E-9EC0-77234FACA6BD} = {3666C258-3046-4258-96E9-679CBB6557F0}
		{4EEB0032-6470-4E8E-84ED-002F1412A6BD} = {3666C258-3046-4258-96E9-679CBB6557F0}
		{FD087AB4-7A2C-44FF-9053-592B0F54FC19} = {3666C258-3046-4258-96E9-679CBB6557F0}
		{C2FA309C-E502-474C-A3DF-71E06C83C84A} = {3666C258-3046-4258-96E9-679CBB6557F0}
		{FD33F76B-836B-4F1C-A2D5-292FCD196DF7} = {3666C258-3046-4258-96E9-679CBB6557F0}
	EndGlobalSection
	GlobalSection(ExtensibilityGlobals) = postSolution
		SolutionGuid = {990F0889-20EB-4025-A1D8-1215220566BF}
	EndGlobalSection
EndGlobal
